
Microsoft Visual Studio Solution File, Format Version 12.00
# Visual Studio Version 17
VisualStudioVersion = 17.3.32819.101
MinimumVisualStudioVersion = 10.0.40219.1
Project("{FAE04EC0-301F-11D3-BF4B-00C04F79EFBC}") = "ReactNumberAdder.Web", "ReactNumberAdder.Web\ReactNumberAdder.Web.csproj", "{A53BF280-E247-4317-99FD-D798BB3FD9BB}"
EndProject
Global
	GlobalSection(SolutionConfigurationPlatforms) = preSolution
		Debug|Any CPU = Debug|Any CPU
		Release|Any CPU = Release|Any CPU
	EndGlobalSection
	GlobalSection(ProjectConfigurationPlatforms) = postSolution
		{A53BF280-E247-4317-99FD-D798BB3FD9BB}.Debug|Any CPU.ActiveCfg = Debug|Any CPU
		{A53BF280-E247-4317-99FD-D798BB3FD9BB}.Debug|Any CPU.Build.0 = Debug|Any CPU
		{A53BF280-E247-4317-99FD-D798BB3FD9BB}.Release|Any CPU.ActiveCfg = Release|Any CPU
		{A53BF280-E247-4317-99FD-D798BB3FD9BB}.Release|Any CPU.Build.0 = Release|Any CPU
	EndGlobalSection
	GlobalSection(SolutionProperties) = preSolution
		HideSolutionNode = FALSE
	EndGlobalSection
	GlobalSection(ExtensibilityGlobals) = postSolution
		SolutionGuid = {36CD619A-BD9B-48AB-BB14-F6E7CDCEA6D5}
	EndGlobalSection
EndGlobal
